Microsoft Visual Studio Solution File, Format Version 12.00
Project("{FAE04EC0-301F-11D3-BF4B-00C04F79EFBC}") = "SiloHost", "SiloHost\SiloHost.csproj", "{4349A558-45AF-4A0F-AD97-108D118D98B1}"
EndProject
Project("{FAE04EC0-301F-11D3-BF4B-00C04F79EFBC}") = "Grains", "Grains\Grains.csproj", "{F2174FB3-98E0-4FC2-B67A-7199168AC091}"
EndProject
Project("{FAE04EC0-301F-11D3-BF4B-00C04F79EFBC}") = "Interfaces", "Interfaces\Interfaces.csproj", "{2F6948B4-02D0-4BCE-8F5C-1B378B675C3E}"
EndProject
Project("{FAE04EC0-301F-11D3-BF4B-00C04F79EFBC}") = "Client", "Client\Client.csproj", "{0EFF9300-81FF-42A9-8BE3-1BAF9B0F1B44}"
EndProject
Project("{FAE04EC0-301F-11D3-BF4B-00C04F79EFBC}") = "DbMigrations", "DbMigrations\DbMigrations.csproj", "{2CF366C1-20EA-4314-86A4-7F58A3FB7722}"
EndProject
Global
	GlobalSection(SolutionConfigurationPlatforms) = preSolution
		Debug|Any CPU = Debug|Any CPU
		Release|Any CPU = Release|Any CPU
	EndGlobalSection
	GlobalSection(ProjectConfigurationPlatforms) = postSolution
		{4349A558-45AF-4A0F-AD97-108D118D98B1}.Debug|Any CPU.ActiveCfg = Debug|Any CPU
		{4349A558-45AF-4A0F-AD97-108D118D98B1}.Debug|Any CPU.Build.0 = Debug|Any CPU
		{4349A558-45AF-4A0F-AD97-108D118D98B1}.Release|Any CPU.ActiveCfg = Release|Any CPU
		{4349A558-45AF-4A0F-AD97-108D118D98B1}.Release|Any CPU.Build.0 = Release|Any CPU
		{F2174FB3-98E0-4FC2-B67A-7199168AC091}.Debug|Any CPU.ActiveCfg = Debug|Any CPU
		{F2174FB3-98E0-4FC2-B67A-7199168AC091}.Debug|Any CPU.Build.0 = Debug|Any CPU
		{F2174FB3-98E0-4FC2-B67A-7199168AC091}.Release|Any CPU.ActiveCfg = Release|Any CPU
		{F2174FB3-98E0-4FC2-B67A-7199168AC091}.Release|Any CPU.Build.0 = Release|Any CPU
		{2F6948B4-02D0-4BCE-8F5C-1B378B675C3E}.Debug|Any CPU.ActiveCfg = Debug|Any CPU
		{2F6948B4-02D0-4BCE-8F5C-1B378B675C3E}.Debug|Any CPU.Build.0 = Debug|Any CPU
		{2F6948B4-02D0-4BCE-8F5C-1B378B675C3E}.Release|Any CPU.ActiveCfg = Release|Any CPU
		{2F6948B4-02D0-4BCE-8F5C-1B378B675C3E}.Release|Any CPU.Build.0 = Release|Any CPU
		{0EFF9300-81FF-42A9-8BE3-1BAF9B0F1B44}.Debug|Any CPU.ActiveCfg = Debug|Any CPU
		{0EFF9300-81FF-42A9-8BE3-1BAF9B0F1B44}.Debug|Any CPU.Build.0 = Debug|Any CPU
		{0EFF9300-81FF-42A9-8BE3-1BAF9B0F1B44}.Release|Any CPU.ActiveCfg = Release|Any CPU
		{0EFF9300-81FF-42A9-8BE3-1BAF9B0F1B44}.Release|Any CPU.Build.0 = Release|Any CPU
		{2CF366C1-20EA-4314-86A4-7F58A3FB7722}.Debug|Any CPU.ActiveCfg = Debug|Any CPU
		{2CF366C1-20EA-4314-86A4-7F58A3FB7722}.Debug|Any CPU.Build.0 = Debug|Any CPU
		{2CF366C1-20EA-4314-86A4-7F58A3FB7722}.Release|Any CPU.ActiveCfg = Release|Any CPU
		{2CF366C1-20EA-4314-86A4-7F58A3FB7722}.Release|Any CPU.Build.0 = Release|Any CPU
	EndGlobalSection
EndGlobal
